
Microsoft Visual Studio Solution File, Format Version 12.00
# Visual Studio Version 17
VisualStudioVersion = 17.8.34330.188
MinimumVisualStudioVersion = 10.0.40219.1
Project("{FAE04EC0-301F-11D3-BF4B-00C04F79EFBC}") = "Dos.Main", "Console.Main\Dos.Main.csproj", "{17415132-1385-4D1D-ADB9-236BC386FFC2}"
EndProject
Global
	GlobalSection(SolutionConfigurationPlatforms) = preSolution
		Debug|Any CPU = Debug|Any CPU
		Release|Any CPU = Release|Any CPU
	EndGlobalSection
	GlobalSection(ProjectConfigurationPlatforms) = postSolution
		{17415132-1385-4D1D-ADB9-236BC386FFC2}.Debug|Any CPU.ActiveCfg = Debug|Any CPU
		{17415132-1385-4D1D-ADB9-236BC386FFC2}.Debug|Any CPU.Build.0 = Debug|Any CPU
		{17415132-1385-4D1D-ADB9-236BC386FFC2}.Release|Any CPU.ActiveCfg = Release|Any CPU
		{17415132-1385-4D1D-ADB9-236BC386FFC2}.Release|Any CPU.Build.0 = Release|Any CPU
	EndGlobalSection
	GlobalSection(SolutionProperties) = preSolution
		HideSolutionNode = FALSE
	EndGlobalSection
	GlobalSection(ExtensibilityGlobals) = postSolution
		SolutionGuid = {42EAD9FE-C950-4C25-B048-3AF15A2036F2}
	EndGlobalSection
EndGlobal
